Microsoft Visual Studio Solution File, Format Version 12.00
# Visual Studio Version 17
VisualStudioVersion = 17.5.2.0
MinimumVisualStudioVersion = 10.0.40219.1
Project("{2150E333-8FDC-42A3-9474-1A3956D46DE8}") = "api", "api", "{D82C56D6-B2CD-F611-9E31-04638F7EC30E}"
EndProject
Project("{2150E333-8FDC-42A3-9474-1A3956D46DE8}") = "ResumeCounter.Functions", "ResumeCounter.Functions", "{F90062E7-68A5-8C93-8DB3-838D6E0B196D}"
EndProject
Project("{FAE04EC0-301F-11D3-BF4B-00C04F79EFBC}") = "ResumeCounter_Functions", "api\ResumeCounter.Functions\ResumeCounter_Functions.csproj", "{D6EB8506-98D7-2EA5-4E99-AE64BDD2FABB}"
EndProject
Global
	GlobalSection(SolutionConfigurationPlatforms) = preSolution
		Debug|Any CPU = Debug|Any CPU
		Release|Any CPU = Release|Any CPU
	EndGlobalSection
	GlobalSection(ProjectConfigurationPlatforms) = postSolution
		{D6EB8506-98D7-2EA5-4E99-AE64BDD2FABB}.Debug|Any CPU.ActiveCfg = Debug|Any CPU
		{D6EB8506-98D7-2EA5-4E99-AE64BDD2FABB}.Debug|Any CPU.Build.0 = Debug|Any CPU
		{D6EB8506-98D7-2EA5-4E99-AE64BDD2FABB}.Release|Any CPU.ActiveCfg = Release|Any CPU
		{D6EB8506-98D7-2EA5-4E99-AE64BDD2FABB}.Release|Any CPU.Build.0 = Release|Any CPU
	EndGlobalSection
	GlobalSection(SolutionProperties) = preSolution
		HideSolutionNode = FALSE
	EndGlobalSection
	GlobalSection(NestedProjects) = preSolution
		{F90062E7-68A5-8C93-8DB3-838D6E0B196D} = {D82C56D6-B2CD-F611-9E31-04638F7EC30E}
		{D6EB8506-98D7-2EA5-4E99-AE64BDD2FABB} = {F90062E7-68A5-8C93-8DB3-838D6E0B196D}
	EndGlobalSection
	GlobalSection(ExtensibilityGlobals) = postSolution
		SolutionGuid = {6ED3E2A5-3CA1-4ACB-BF4C-8A55C7B5F211}
	EndGlobalSection
EndGlobal
